
Microsoft Visual Studio Solution File, Format Version 12.00
# Visual Studio Version 17
VisualStudioVersion = 17.8.34322.80
MinimumVisualStudioVersion = 10.0.40219.1
Project("{FAE04EC0-301F-11D3-BF4B-00C04F79EFBC}") = "TicTacToe", "TicTacToe.csproj", "{1DA15B33-CF01-4494-B5F0-9494FC5C28CF}"
EndProject
Global
	GlobalSection(SolutionConfigurationPlatforms) = preSolution
		Debug|Any CPU = Debug|Any CPU
		Release|Any CPU = Release|Any CPU
	EndGlobalSection
	GlobalSection(ProjectConfigurationPlatforms) = postSolution
		{1DA15B33-CF01-4494-B5F0-9494FC5C28CF}.Debug|Any CPU.ActiveCfg = Debug|Any CPU
		{1DA15B33-CF01-4494-B5F0-9494FC5C28CF}.Debug|Any CPU.Build.0 = Debug|Any CPU
		{1DA15B33-CF01-4494-B5F0-9494FC5C28CF}.Release|Any CPU.ActiveCfg = Release|Any CPU
		{1DA15B33-CF01-4494-B5F0-9494FC5C28CF}.Release|Any CPU.Build.0 = Release|Any CPU
	EndGlobalSection
	GlobalSection(SolutionProperties) = preSolution
		HideSolutionNode = FALSE
	EndGlobalSection
	GlobalSection(ExtensibilityGlobals) = postSolution
		SolutionGuid = {55F223F1-02B0-4E4C-B531-12716B154F26}
	EndGlobalSection
EndGlobal
